
Microsoft Visual Studio Solution File, Format Version 12.00
# Visual Studio 15
VisualStudioVersion = 15.0.28307.168
MinimumVisualStudioVersion = 10.0.40219.1
Project("{FAE04EC0-301F-11D3-BF4B-00C04F79EFBC}") = "wmta.domain", "wmta.domain\wmta.domain.csproj", "{249F71C4-7BFA-4805-AFE5-8BFF58646E82}"
EndProject
Project("{FAE04EC0-301F-11D3-BF4B-00C04F79EFBC}") = "wmta.Repository", "wmta.Repository\wmta.Repository.csproj", "{D0646956-D085-4480-95DB-7FCD99CF8C6F}"
EndProject
Project("{FAE04EC0-301F-11D3-BF4B-00C04F79EFBC}") = "wmta.service", "wmta.service\wmta.service.csproj", "{B28A117C-BBEA-4831-ACC6-A4FC0CA35D84}"
EndProject
Project("{FAE04EC0-301F-11D3-BF4B-00C04F79EFBC}") = "wifemanagement.web.api", "wifemanagement.api\wifemanagement.web.api.csproj", "{DAF9796C-E49F-4E96-839D-31066D365336}"
EndProject
Project("{FAE04EC0-301F-11D3-BF4B-00C04F79EFBC}") = "wmta.Infrustructure", "wmta.Infrustructure\wmta.Infrustructure.csproj", "{E0607223-8729-4C15-B37C-F0D445FEF39F}"
EndProject
Global
	GlobalSection(SolutionConfigurationPlatforms) = preSolution
		Debug|Any CPU = Debug|Any CPU
		Release|Any CPU = Release|Any CPU
	EndGlobalSection
	GlobalSection(ProjectConfigurationPlatforms) = postSolution
		{249F71C4-7BFA-4805-AFE5-8BFF58646E82}.Debug|Any CPU.ActiveCfg = Debug|Any CPU
		{249F71C4-7BFA-4805-AFE5-8BFF58646E82}.Debug|Any CPU.Build.0 = Debug|Any CPU
		{249F71C4-7BFA-4805-AFE5-8BFF58646E82}.Release|Any CPU.ActiveCfg = Release|Any CPU
		{249F71C4-7BFA-4805-AFE5-8BFF58646E82}.Release|Any CPU.Build.0 = Release|Any CPU
		{D0646956-D085-4480-95DB-7FCD99CF8C6F}.Debug|Any CPU.ActiveCfg = Debug|Any CPU
		{D0646956-D085-4480-95DB-7FCD99CF8C6F}.Debug|Any CPU.Build.0 = Debug|Any CPU
		{D0646956-D085-4480-95DB-7FCD99CF8C6F}.Release|Any CPU.ActiveCfg = Release|Any CPU
		{D0646956-D085-4480-95DB-7FCD99CF8C6F}.Release|Any CPU.Build.0 = Release|Any CPU
		{B28A117C-BBEA-4831-ACC6-A4FC0CA35D84}.Debug|Any CPU.ActiveCfg = Debug|Any CPU
		{B28A117C-BBEA-4831-ACC6-A4FC0CA35D84}.Debug|Any CPU.Build.0 = Debug|Any CPU
		{B28A117C-BBEA-4831-ACC6-A4FC0CA35D84}.Release|Any CPU.ActiveCfg = Release|Any CPU
		{B28A117C-BBEA-4831-ACC6-A4FC0CA35D84}.Release|Any CPU.Build.0 = Release|Any CPU
		{DAF9796C-E49F-4E96-839D-31066D365336}.Debug|Any CPU.ActiveCfg = Debug|Any CPU
		{DAF9796C-E49F-4E96-839D-31066D365336}.Debug|Any CPU.Build.0 = Debug|Any CPU
		{DAF9796C-E49F-4E96-839D-31066D365336}.Release|Any CPU.ActiveCfg = Release|Any CPU
		{DAF9796C-E49F-4E96-839D-31066D365336}.Release|Any CPU.Build.0 = Release|Any CPU
		{E0607223-8729-4C15-B37C-F0D445FEF39F}.Debug|Any CPU.ActiveCfg = Debug|Any CPU
		{E0607223-8729-4C15-B37C-F0D445FEF39F}.Debug|Any CPU.Build.0 = Debug|Any CPU
		{E0607223-8729-4C15-B37C-F0D445FEF39F}.Release|Any CPU.ActiveCfg = Release|Any CPU
		{E0607223-8729-4C15-B37C-F0D445FEF39F}.Release|Any CPU.Build.0 = Release|Any CPU
	EndGlobalSection
	GlobalSection(SolutionProperties) = preSolution
		HideSolutionNode = FALSE
	EndGlobalSection
	GlobalSection(ExtensibilityGlobals) = postSolution
		SolutionGuid = {5C081CCC-A2ED-4E05-AB2E-4A34C998D806}
	EndGlobalSection
EndGlobal
